{
  "name": "@orion/c3ae-demo-client",
  "version": "0.1.0",
  "lockfileVersion": 3,
  "requires": true,
  "packages": {
    "": {
      "name": "@orion/c3ae-demo-client",
      "version": "0.1.0",
      "dependencies": {
        "orion-v2-lattigo": "^6.2.4"
      },
      "devDependencies": {
        "esbuild": "^0.25.0",
        "typescript": "^5.7.0"
      }
    },
    "../../../js/lattigo": {
      "name": "orion-v2-lattigo",
      "version": "6.2.4",
      "extraneous": true,
      "devDependencies": {
        "@eslint/js": "^10.0.1",
        "@types/node": "^25.3.3",
        "@typescript-eslint/eslint-plugin": "^8.56.1",
        "@typescript-eslint/parser": "^8.56.1",
        "esbuild": "^0.25.0",
        "eslint": "^10.0.2",
        "typescript": "^5.7.0",
        "typescript-eslint": "^8.56.1",
        "vitest": "^4.0.18"
      }
    },
    "node_modules/@esbuild/linux-x64": {
      "version": "0.25.12",
      "cpu": [
        "x64"
      ],
      "dev": true,
      "license": "MIT",
      "optional": true,
      "os": [
        "linux"
      ],
      "engines": {
        "node": ">=18"
      }
    },
    "node_modules/esbuild": {
      "version": "0.25.12",
      "dev": true,
      "hasInstallScript": true,
      "license": "MIT",
      "bin": {
        "esbuild": "bin/esbuild"
      },
      "engines": {
        "node": ">=18"
      },
      "optionalDependencies": {
        "@esbuild/aix-ppc64": "0.25.12",
        "@esbuild/android-arm": "0.25.12",
        "@esbuild/android-arm64": "0.25.12",
        "@esbuild/android-x64": "0.25.12",
        "@esbuild/darwin-arm64": "0.25.12",
        "@esbuild/darwin-x64": "0.25.12",
        "@esbuild/freebsd-arm64": "0.25.12",
        "@esbuild/freebsd-x64": "0.25.12",
        "@esbuild/linux-arm": "0.25.12",
        "@esbuild/linux-arm64": "0.25.12",
        "@esbuild/linux-ia32": "0.25.12",
        "@esbuild/linux-loong64": "0.25.12",
        "@esbuild/linux-mips64el": "0.25.12",
        "@esbuild/linux-ppc64": "0.25.12",
        "@esbuild/linux-riscv64": "0.25.12",
        "@esbuild/linux-s390x": "0.25.12",
        "@esbuild/linux-x64": "0.25.12",
        "@esbuild/netbsd-arm64": "0.25.12",
        "@esbuild/netbsd-x64": "0.25.12",
        "@esbuild/openbsd-arm64": "0.25.12",
        "@esbuild/openbsd-x64": "0.25.12",
        "@esbuild/openharmony-arm64": "0.25.12",
        "@esbuild/sunos-x64": "0.25.12",
        "@esbuild/win32-arm64": "0.25.12",
        "@esbuild/win32-ia32": "0.25.12",
        "@esbuild/win32-x64": "0.25.12"
      }
    },
    "node_modules/orion-v2-lattigo": {
      "version": "6.2.4",
      "resolved": "https://registry.npmjs.org/orion-v2-lattigo/-/orion-v2-lattigo-6.2.4.tgz",
      "integrity": "sha512-Of1qYrcvacHfEB9ej7QGG/h3HFabtrSvNVxX4zR9BT+ZdxmJ6irsALLE7FM3ro34ZH8a7CJF9ZMcuoJdERG+AA=="
    },
    "node_modules/typescript": {
      "version": "5.9.3",
      "dev": true,
      "license": "Apache-2.0",
      "bin": {
        "tsc": "bin/tsc",
        "tsserver": "bin/tsserver"
      },
      "engines": {
        "node": ">=14.17"
      }
    }
  }
}
